
Microsoft Visual Studio Solution File, Format Version 12.00
# Visual Studio Version 17
VisualStudioVersion = 17.5.002.0
MinimumVisualStudioVersion = 10.0.40219.1
Project("{9A19103F-16F7-4668-BE54-9A1E7A4F7556}") = "cs_05", "cs_05.csproj", "{6A4501D3-F64A-4509-BB57-8189D43DB867}"
EndProject
Global
	GlobalSection(SolutionConfigurationPlatforms) = preSolution
		Debug|Any CPU = Debug|Any CPU
		Release|Any CPU = Release|Any CPU
	EndGlobalSection
	GlobalSection(ProjectConfigurationPlatforms) = postSolution
		{6A4501D3-F64A-4509-BB57-8189D43DB867}.Debug|Any CPU.ActiveCfg = Debug|Any CPU
		{6A4501D3-F64A-4509-BB57-8189D43DB867}.Debug|Any CPU.Build.0 = Debug|Any CPU
		{6A4501D3-F64A-4509-BB57-8189D43DB867}.Release|Any CPU.ActiveCfg = Release|Any CPU
		{6A4501D3-F64A-4509-BB57-8189D43DB867}.Release|Any CPU.Build.0 = Release|Any CPU
	EndGlobalSection
	GlobalSection(SolutionProperties) = preSolution
		HideSolutionNode = FALSE
	EndGlobalSection
	GlobalSection(ExtensibilityGlobals) = postSolution
		SolutionGuid = {07C4CF51-F05B-4723-A7F0-805F5EB449AE}
	EndGlobalSection
EndGlobal
