
Microsoft Visual Studio Solution File, Format Version 12.00
# Visual Studio Version 17
VisualStudioVersion = 17.5.002.0
MinimumVisualStudioVersion = 10.0.40219.1
Project("{9A19103F-16F7-4668-BE54-9A1E7A4F7556}") = "cs_03", "cs_03.csproj", "{B50BD711-5C21-4FD3-96B9-D8B31905B49F}"
EndProject
Global
	GlobalSection(SolutionConfigurationPlatforms) = preSolution
		Debug|Any CPU = Debug|Any CPU
		Release|Any CPU = Release|Any CPU
	EndGlobalSection
	GlobalSection(ProjectConfigurationPlatforms) = postSolution
		{B50BD711-5C21-4FD3-96B9-D8B31905B49F}.Debug|Any CPU.ActiveCfg = Debug|Any CPU
		{B50BD711-5C21-4FD3-96B9-D8B31905B49F}.Debug|Any CPU.Build.0 = Debug|Any CPU
		{B50BD711-5C21-4FD3-96B9-D8B31905B49F}.Release|Any CPU.ActiveCfg = Release|Any CPU
		{B50BD711-5C21-4FD3-96B9-D8B31905B49F}.Release|Any CPU.Build.0 = Release|Any CPU
	EndGlobalSection
	GlobalSection(SolutionProperties) = preSolution
		HideSolutionNode = FALSE
	EndGlobalSection
	GlobalSection(ExtensibilityGlobals) = postSolution
		SolutionGuid = {C7E09383-4CED-45F2-8DA1-1EEC65369334}
	EndGlobalSection
EndGlobal
